{
  "nodes": {
    "co-log-effectful": {
      "inputs": {
        "devshell": "devshell",
        "flake-parts": "flake-parts",
        "haskell-flake": "haskell-flake",
        "nixpkgs": "nixpkgs",
        "pre-commit-hooks-nix": "pre-commit-hooks-nix",
        "treefmt-nix": "treefmt-nix"
      },
      "locked": {
        "lastModified": 1738358259,
        "narHash": "sha256-V+JiNh+GY4OC+uEp4AeX6wYMzsj5JJAqnrraXn1T8kg=",
        "owner": "eldritch-cookie",
        "repo": "co-log-effectful",
        "rev": "be451264f0637804368fba1751ed7bc8606eefc6",
        "type": "github"
      },
      "original": {
        "owner": "eldritch-cookie",
        "repo": "co-log-effectful",
        "type": "github"
      }
    },
    "commonmark-simple": {
      "flake": false,
      "locked": {
        "lastModified": 1742576519,
        "narHash": "sha256-/Vauu9JiLcJOElH/brswcF1XbEXq8yA2q/8rcXzj+kE=",
        "owner": "srid",
        "repo": "commonmark-simple",
        "rev": "1d69703c7f625905a84cfb79983ca2a5817743bc",
        "type": "github"
      },
      "original": {
        "owner": "srid",
        "repo": "commonmark-simple",
        "type": "github"
      }
    },
    "commonmark-wikilink": {
      "flake": false,
      "locked": {
        "lastModified": 1738248145,
        "narHash": "sha256-UN2Nh+uf+DzM336Ojzr6YZV4RJy8BPx9Q5GZpax3wt0=",
        "owner": "srid",
        "repo": "commonmark-wikilink",
        "rev": "1d7aa327fb33b41f3c4899d5b29aa122780c900f",
        "type": "github"
      },
      "original": {
        "owner": "srid",
        "repo": "commonmark-wikilink",
        "type": "github"
      }
    },
    "devshell": {
      "inputs": {
        "nixpkgs": [
          "co-log-effectful",
          "nixpkgs"
        ]
      },
      "locked": {
        "lastModified": 1735644329,
        "narHash": "sha256-tO3HrHriyLvipc4xr+Ewtdlo7wM1OjXNjlWRgmM7peY=",
        "owner": "numtide",
        "repo": "devshell",
        "rev": "f7795ede5b02664b57035b3b757876703e2c3eac",
        "type": "github"
      },
      "original": {
        "owner": "numtide",
        "repo": "devshell",
        "type": "github"
      }
    },
    "flake-compat": {
      "flake": false,
      "locked": {
        "lastModified": 1696426674,
        "narHash": "sha256-kvjfFW7WAETZlt09AgDn1MrtKzP7t90Vf7vypd3OL1U=",
        "owner": "edolstra",
        "repo": "flake-compat",
        "rev": "0f9255e01c2351cc7d116c072cb317785dd33b33",
        "type": "github"
      },
      "original": {
        "owner": "edolstra",
        "repo": "flake-compat",
        "type": "github"
      }
    },
    "flake-parts": {
      "inputs": {
        "nixpkgs-lib": [
          "co-log-effectful",
          "nixpkgs"
        ]
      },
      "locked": {
        "lastModified": 1736143030,
        "narHash": "sha256-+hu54pAoLDEZT9pjHlqL9DNzWz0NbUn8NEAHP7PQPzU=",
        "owner": "hercules-ci",
        "repo": "flake-parts",
        "rev": "b905f6fc23a9051a6e1b741e1438dbfc0634c6de",
        "type": "github"
      },
      "original": {
        "owner": "hercules-ci",
        "repo": "flake-parts",
        "type": "github"
      }
    },
    "flake-parts_2": {
      "inputs": {
        "nixpkgs-lib": [
          "nixpkgs"
        ]
      },
      "locked": {
        "lastModified": 1749398372,
        "narHash": "sha256-tYBdgS56eXYaWVW3fsnPQ/nFlgWi/Z2Ymhyu21zVM98=",
        "owner": "hercules-ci",
        "repo": "flake-parts",
        "rev": "9305fe4e5c2a6fcf5ba6a3ff155720fbe4076569",
        "type": "github"
      },
      "original": {
        "owner": "hercules-ci",
        "repo": "flake-parts",
        "type": "github"
      }
    },
    "fourmolu-nix": {
      "locked": {
        "lastModified": 1707266073,
        "narHash": "sha256-tCFzZQJicDdYjnuJiNK4hiiRAH7c2wQzMhOCdUMbVKE=",
        "owner": "jedimahdi",
        "repo": "fourmolu-nix",
        "rev": "717f5a91b0d7b97b1be7ecc3a0fd42d37ffe1c9b",
        "type": "github"
      },
      "original": {
        "owner": "jedimahdi",
        "repo": "fourmolu-nix",
        "type": "github"
      }
    },
    "git-hooks": {
      "flake": false,
      "locked": {
        "lastModified": 1749636823,
        "narHash": "sha256-WUaIlOlPLyPgz9be7fqWJA5iG6rHcGRtLERSCfUDne4=",
        "owner": "cachix",
        "repo": "git-hooks.nix",
        "rev": "623c56286de5a3193aa38891a6991b28f9bab056",
        "type": "github"
      },
      "original": {
        "owner": "cachix",
        "repo": "git-hooks.nix",
        "type": "github"
      }
    },
    "gitignore": {
      "inputs": {
        "nixpkgs": [
          "co-log-effectful",
          "pre-commit-hooks-nix",
          "nixpkgs"
        ]
      },
      "locked": {
        "lastModified": 1709087332,
        "narHash": "sha256-HG2cCnktfHsKV0s4XW83gU3F57gaTljL9KNSuG6bnQs=",
        "owner": "hercules-ci",
        "repo": "gitignore.nix",
        "rev": "637db329424fd7e46cf4185293b9cc8c88c95394",
        "type": "github"
      },
      "original": {
        "owner": "hercules-ci",
        "repo": "gitignore.nix",
        "type": "github"
      }
    },
    "haskell-flake": {
      "locked": {
        "lastModified": 1737903979,
        "narHash": "sha256-NL9+FkAzmU/zVy7EQUj13s/+FjX2Mcz6ID7dW1j32Xg=",
        "owner": "srid",
        "repo": "haskell-flake",
        "rev": "3bc6fe9793bf1239a335f9439f0be66c964df1a3",
        "type": "github"
      },
      "original": {
        "owner": "srid",
        "repo": "haskell-flake",
        "type": "github"
      }
    },
    "haskell-flake_2": {
      "locked": {
        "lastModified": 1749105244,
        "narHash": "sha256-gV/B1PWOwpLjy2OCHMS/fJ8GItMRoflW/g3kXB8/skg=",
        "owner": "srid",
        "repo": "haskell-flake",
        "rev": "af2ba40f23824556b12d1cdfdf392e263876d644",
        "type": "github"
      },
      "original": {
        "owner": "srid",
        "repo": "haskell-flake",
        "type": "github"
      }
    },
    "htmx": {
      "flake": false,
      "locked": {
        "lastModified": 1730661957,
        "narHash": "sha256-ce3CVJVmY5240qyEt2W0Q3HUeMAKP6IQwxtIO+zDzAs=",
        "owner": "JonathanLorimer",
        "repo": "htmx",
        "rev": "a9592b2627a75f522cd710d6bcfb7670a4a587dd",
        "type": "github"
      },
      "original": {
        "owner": "JonathanLorimer",
        "repo": "htmx",
        "type": "github"
      }
    },
    "htmx-extensions": {
      "flake": false,
      "locked": {
        "lastModified": 1740062719,
        "narHash": "sha256-KW8ahQdu1pevghnKNL+Idie2o6TtKlUqwES2kpmqOVs=",
        "owner": "juspay",
        "repo": "htmx-extensions",
        "rev": "0f7b0b569651c259af0fa81d78530f0f540d709b",
        "type": "github"
      },
      "original": {
        "owner": "juspay",
        "ref": "sse-unload",
        "repo": "htmx-extensions",
        "type": "github"
      }
    },
    "nixos-unified": {
      "locked": {
        "lastModified": 1747972413,
        "narHash": "sha256-1EGZATVzllVLDqajfyHOwBB3t/hNj0xv7MVbGfKQ788=",
        "owner": "srid",
        "repo": "nixos-unified",
        "rev": "a1d1cd9ae1ca9866f47afc5e12f30acded261fcb",
        "type": "github"
      },
      "original": {
        "owner": "srid",
        "repo": "nixos-unified",
        "type": "github"
      }
    },
    "nixpkgs": {
      "locked": {
        "lastModified": 1738264807,
        "narHash": "sha256-6x6WLFwoLdR3w3FYtCnLye2Xe32SqsL7Zf0jpa5wJMM=",
        "owner": "NixOS",
        "repo": "nixpkgs",
        "rev": "93f6e8d16bc5653505d0165ccec7b667690f7071",
        "type": "github"
      },
      "original": {
        "owner": "NixOS",
        "ref": "haskell-updates",
        "repo": "nixpkgs",
        "type": "github"
      }
    },
    "nixpkgs_2": {
      "locked": {
        "lastModified": 1744442362,
        "narHash": "sha256-i47t4DRIZgwBZw2Osbrp1OJhhO1k/n+QzRx+TrmfE9Y=",
        "owner": "nixos",
        "repo": "nixpkgs",
        "rev": "2349f9de17183971db12ae9e0123dab132023bd7",
        "type": "github"
      },
      "original": {
        "owner": "nixos",
        "ref": "nixpkgs-unstable",
        "repo": "nixpkgs",
        "type": "github"
      }
    },
    "pre-commit-hooks-nix": {
      "inputs": {
        "flake-compat": "flake-compat",
        "gitignore": "gitignore",
        "nixpkgs": [
          "co-log-effectful",
          "nixpkgs"
        ]
      },
      "locked": {
        "lastModified": 1737465171,
        "narHash": "sha256-R10v2hoJRLq8jcL4syVFag7nIGE7m13qO48wRIukWNg=",
        "owner": "cachix",
        "repo": "pre-commit-hooks.nix",
        "rev": "9364dc02281ce2d37a1f55b6e51f7c0f65a75f17",
        "type": "github"
      },
      "original": {
        "owner": "cachix",
        "repo": "pre-commit-hooks.nix",
        "type": "github"
      }
    },
    "root": {
      "inputs": {
        "co-log-effectful": "co-log-effectful",
        "commonmark-simple": "commonmark-simple",
        "commonmark-wikilink": "commonmark-wikilink",
        "flake-parts": "flake-parts_2",
        "fourmolu-nix": "fourmolu-nix",
        "git-hooks": "git-hooks",
        "haskell-flake": "haskell-flake_2",
        "htmx": "htmx",
        "htmx-extensions": "htmx-extensions",
        "nixos-unified": "nixos-unified",
        "nixpkgs": "nixpkgs_2",
        "unionmount": "unionmount"
      }
    },
    "treefmt-nix": {
      "inputs": {
        "nixpkgs": [
          "co-log-effectful",
          "nixpkgs"
        ]
      },
      "locked": {
        "lastModified": 1738070913,
        "narHash": "sha256-j6jC12vCFsTGDmY2u1H12lMr62fnclNjuCtAdF1a4Nk=",
        "owner": "numtide",
        "repo": "treefmt-nix",
        "rev": "bebf27d00f7d10ba75332a0541ac43676985dea3",
        "type": "github"
      },
      "original": {
        "owner": "numtide",
        "repo": "treefmt-nix",
        "type": "github"
      }
    },
    "unionmount": {
      "flake": false,
      "locked": {
        "lastModified": 1742156722,
        "narHash": "sha256-5oRYBxnxo/YK2nUdrRdDCatkPWDwSGw4zG67mOATxcU=",
        "owner": "srid",
        "repo": "unionmount",
        "rev": "0349ae3e16e803101cbdd9c056e6b052f8817cba",
        "type": "github"
      },
      "original": {
        "owner": "srid",
        "repo": "unionmount",
        "type": "github"
      }
    }
  },
  "root": "root",
  "version": 7
}
